
Microsoft Visual Studio Solution File, Format Version 12.00
# Visual Studio Version 17
VisualStudioVersion = 17.2.32519.379
MinimumVisualStudioVersion = 10.0.40219.1
Project("{FAE04EC0-301F-11D3-BF4B-00C04F79EFBC}") = "ProjectFinance2", "ProjectFinance2\ProjectFinance2.csproj", "{D614E2CD-F7C9-4C76-8B38-C2A4C635428A}"
EndProject
Global
	GlobalSection(SolutionConfigurationPlatforms) = preSolution
		Debug|Any CPU = Debug|Any CPU
		Release|Any CPU = Release|Any CPU
	EndGlobalSection
	GlobalSection(ProjectConfigurationPlatforms) = postSolution
		{D614E2CD-F7C9-4C76-8B38-C2A4C635428A}.Debug|Any CPU.ActiveCfg = Debug|Any CPU
		{D614E2CD-F7C9-4C76-8B38-C2A4C635428A}.Debug|Any CPU.Build.0 = Debug|Any CPU
		{D614E2CD-F7C9-4C76-8B38-C2A4C635428A}.Release|Any CPU.ActiveCfg = Release|Any CPU
		{D614E2CD-F7C9-4C76-8B38-C2A4C635428A}.Release|Any CPU.Build.0 = Release|Any CPU
	EndGlobalSection
	GlobalSection(SolutionProperties) = preSolution
		HideSolutionNode = FALSE
	EndGlobalSection
	GlobalSection(ExtensibilityGlobals) = postSolution
		SolutionGuid = {BE04278A-73C9-42FE-B92F-AE0AED5E370A}
	EndGlobalSection
EndGlobal
